# This file is autogenerated, do not edit; changes may be undone by the next 'dep ensure'.


[[projects]]
  name = "github.com/tomnomnom/linkheader"
  packages = ["."]
  revision = "6953a30d444317754766fccdd3f7f000edc874f6"
  version = "0.1.0"

[solve-meta]
  analyzer-name = "dep"
  analyzer-version = 1
  inputs-digest = "c3f5ab3a4a263d09695a880f6fd888527d1686478992a9e7b3027c3b717e8e53"
  solver-name = "gps-cdcl"
  solver-version = 1
